# THIS IS AN AUTOGENERATED FILE. DO NOT EDIT THIS FILE DIRECTLY.
# yarn lockfile v1


"@types/google-apps-script@^1.0.69":
  version "1.0.69"
  resolved "https://registry.yarnpkg.com/@types/google-apps-script/-/google-apps-script-1.0.69.tgz#59695109fe77c8f245d8319f933d04050cd4cfdd"
  integrity sha512-7NhGLJYCb90gTy798lL3NTP9Td2OCbNoRPFq56sUhyH1gWSrM11FjabfNNPc42SDFcDbJCWF2Q3EnUeG6vHshQ==

prettier@^3.0.3:
  version "3.0.3"
  resolved "https://registry.yarnpkg.com/prettier/-/prettier-3.0.3.tgz#432a51f7ba422d1469096c0fdc28e235db8f9643"
  integrity sha512-L/4pUDMxcNa8R/EthV08Zt42WBO4h1rarVtK0K+QJG0X187OLo7l699jWw0GKuwzkPQ//jMFA/8Xm6Fh3J/DAg==
